
Microsoft Visual Studio Solution File, Format Version 12.00
# Visual Studio Version 17
VisualStudioVersion = 17.6.33815.320
MinimumVisualStudioVersion = 10.0.40219.1
Project("{FAE04EC0-301F-11D3-BF4B-00C04F79EFBC}") = "TestAnchor", "TestAnchor\TestAnchor.csproj", "{047A0301-632C-4B5D-A05C-5228514F0649}"
EndProject
Global
	GlobalSection(SolutionConfigurationPlatforms) = preSolution
		Debug|Any CPU = Debug|Any CPU
		Release|Any CPU = Release|Any CPU
	EndGlobalSection
	GlobalSection(ProjectConfigurationPlatforms) = postSolution
		{047A0301-632C-4B5D-A05C-5228514F0649}.Debug|Any CPU.ActiveCfg = Debug|Any CPU
		{047A0301-632C-4B5D-A05C-5228514F0649}.Debug|Any CPU.Build.0 = Debug|Any CPU
		{047A0301-632C-4B5D-A05C-5228514F0649}.Release|Any CPU.ActiveCfg = Release|Any CPU
		{047A0301-632C-4B5D-A05C-5228514F0649}.Release|Any CPU.Build.0 = Release|Any CPU
	EndGlobalSection
	GlobalSection(SolutionProperties) = preSolution
		HideSolutionNode = FALSE
	EndGlobalSection
	GlobalSection(ExtensibilityGlobals) = postSolution
		SolutionGuid = {A9B3F140-F98A-4A1C-BE2D-8B11358F9693}
	EndGlobalSection
EndGlobal
